
Microsoft Visual Studio Solution File, Format Version 12.00
# Visual Studio Version 16
VisualStudioVersion = 16.0.31025.194
MinimumVisualStudioVersion = 10.0.40219.1
Project("{FAE04EC0-301F-11D3-BF4B-00C04F79EFBC}") = "5paisaAPI", "5paisaAPI\5paisaAPI.csproj", "{294A89E2-47F0-45B2-A947-0BE853716106}"
EndProject
Global
	GlobalSection(SolutionConfigurationPlatforms) = preSolution
		Debug|Any CPU = Debug|Any CPU
		Release|Any CPU = Release|Any CPU
	EndGlobalSection
	GlobalSection(ProjectConfigurationPlatforms) = postSolution
		{294A89E2-47F0-45B2-A947-0BE853716106}.Debug|Any CPU.ActiveCfg = Debug|Any CPU
		{294A89E2-47F0-45B2-A947-0BE853716106}.Debug|Any CPU.Build.0 = Debug|Any CPU
		{294A89E2-47F0-45B2-A947-0BE853716106}.Release|Any CPU.ActiveCfg = Release|Any CPU
		{294A89E2-47F0-45B2-A947-0BE853716106}.Release|Any CPU.Build.0 = Release|Any CPU
	EndGlobalSection
	GlobalSection(SolutionProperties) = preSolution
		HideSolutionNode = FALSE
	EndGlobalSection
	GlobalSection(ExtensibilityGlobals) = postSolution
		SolutionGuid = {2E093123-ED6C-473D-B8F7-0D230544AA17}
	EndGlobalSection
EndGlobal
